{"1.2.0",
[{<<"certifi">>,{pkg,<<"certifi">>,<<"1.2.1">>},1},
 {<<"hackney">>,{pkg,<<"hackney">>,<<"1.8.6">>},0},
 {<<"idna">>,{pkg,<<"idna">>,<<"5.0.2">>},1},
 {<<"jsx">>,{pkg,<<"jsx">>,<<"2.8.2">>},0},
 {<<"metrics">>,{pkg,<<"metrics">>,<<"1.0.1">>},1},
 {<<"mimerl">>,{pkg,<<"mimerl">>,<<"1.0.2">>},1},
 {<<"ssl_verify_fun">>,{pkg,<<"ssl_verify_fun">>,<<"1.1.1">>},1},
 {<<"unicode_util_compat">>,{pkg,<<"unicode_util_compat">>,<<"0.2.0">>},2},
 {<<"worker_pool">>,{pkg,<<"worker_pool">>,<<"6.3.0">>},0}]}.
[
{pkg_hash,[
 {<<"certifi">>, <<"C3904F192BD5284E5B13F20DB3CEAC9626E14EEACFBB492E19583CF0E37B22BE">>},
 {<<"hackney">>, <<"21A725DB3569B3FB11A6AF17D5C5F654052CE9624219F1317E8639183DE4A423">>},
 {<<"idna">>, <<"AC203208ADA855D95DC591A764B6E87259CB0E2A364218F215AD662DAA8CD6B4">>},
 {<<"jsx">>, <<"7ACC7D785B5ABE8A6E9ADBDE926A24E481F29956DD8B4DF49E3E4E7BCC92A018">>},
 {<<"metrics">>, <<"25F094DEA2CDA98213CECC3AEFF09E940299D950904393B2A29D191C346A8486">>},
 {<<"mimerl">>, <<"993F9B0E084083405ED8252B99460C4F0563E41729AB42D9074FD5E52439BE88">>},
 {<<"ssl_verify_fun">>, <<"28A4D65B7F59893BC2C7DE786DEC1E1555BD742D336043FE644AE956C3497FBE">>},
 {<<"unicode_util_compat">>, <<"DBBCCF6781821B1C0701845EAF966C9B6D83D7C3BFC65CA2B78B88B8678BFA35">>},
 {<<"worker_pool">>, <<"92BAB752A2C1048C3DB24F817D08B2A404AA53EFDD71527E43734B44A2EE9D6D">>}]},
{pkg_hash_ext,[
 {<<"certifi">>, <<"54AFD282E544833FBAFBE2E845333132B5F092AEE19DFAE3A8FD970F67E0F2E6">>},
 {<<"hackney">>, <<"677281A6EAE416F4CA7980C8DFD1EE85C7CF445ED932C5D7F7909946D1CAC37A">>},
 {<<"idna">>, <<"352278F34E274A2E000B20E41AA74D6BC9A622407DC043B550A3CD3B7AC5457D">>},
 {<<"jsx">>, <<"B4C5D3230B397C8D95579E4A3D72826BB6463160130CCF4182F5BE8579B5F44C">>},
 {<<"metrics">>, <<"69B09ADDDC4F74A40716AE54D140F93BEB0FB8978D8636EADED0C31B6F099F16">>},
 {<<"mimerl">>, <<"7A4C8E1115A2732A67D7624E28CF6C9F30C66711A9E92928E745C255887BA465">>},
 {<<"ssl_verify_fun">>, <<"4F8805EB5C8A939CF2359367CB651A3180B27DFB48444846BE2613D79355D65E">>},
 {<<"unicode_util_compat">>, <<"1582B67D11EAB7C57228449A422A401D2295F53EDC21CE69EDFD16D10D59D2BA">>},
 {<<"worker_pool">>, <<"5DDE95A115F5349C3D6B46B84A81E466AE3039D5771B262EC116A53DF0363721">>}]}
].
